// !$*UTF8*$!
{
	archiveVersion = 1;
	classes = {
	};
	objectVersion = 55;
	objects = {

/* Begin PBXBuildFile section */
		832C010B6DFA39ADC9F015EB /* Pods_CalendarExample.framework in Frameworks */ = {isa = PBXBuildFile; fileRef = B3FC5B07EFC7D4BB30AD668E /* Pods_CalendarExample.framework */; };
		F384E83027F20992006D33D2 /* AppDelegate.swift in Sources */ = {isa = PBXBuildFile; fileRef = F384E82F27F20992006D33D2 /* AppDelegate.swift */; };
		F384E83227F20992006D33D2 /* SceneDelegate.swift in Sources */ = {isa = PBXBuildFile; fileRef = F384E83127F20992006D33D2 /* SceneDelegate.swift */; };
		F384E83427F20992006D33D2 /* ViewController.swift in Sources */ = {isa = PBXBuildFile; fileRef = F384E83327F20992006D33D2 /* ViewController.swift */; };
		F384E83727F20992006D33D2 /* Main.storyboard in Resources */ = {isa = PBXBuildFile; fileRef = F384E83527F20992006D33D2 /* Main.storyboard */; };
		F384E83927F20993006D33D2 /* Assets.xcassets in Resources */ = {isa = PBXBuildFile; fileRef = F384E83827F20993006D33D2 /* Assets.xcassets */; };
		F384E83C27F20993006D33D2 /* LaunchScreen.storyboard in Resources */ = {isa = PBXBuildFile; fileRef = F384E83A27F20993006D33D2 /* LaunchScreen.storyboard */; };
		F384E84427F20F2F006D33D2 /* CalendarCell.swift in Sources */ = {isa = PBXBuildFile; fileRef = F384E84327F20F2F006D33D2 /* CalendarCell.swift */; };
		F384E84627F2115B006D33D2 /* DateHelper.swift in Sources */ = {isa = PBXBuildFile; fileRef = F384E84527F2115B006D33D2 /* DateHelper.swift */; };
/* End PBXBuildFile section */

/* Begin PBXFileReference section */
		5E3BE58D6F5AAB99D8191EEC /* Pods-CalendarExample.release.xcconfig */ = {isa = PBXFileReference; includeInIndex = 1; lastKnownFileType = text.xcconfig; name = "Pods-CalendarExample.release.xcconfig"; path = "Target Support Files/Pods-CalendarExample/Pods-CalendarExample.release.xcconfig"; sourceTree = "<group>"; };
		94856695C5B1D2B0BF517AC9 /* Pods-CalendarExample.debug.xcconfig */ = {isa = PBXFileReference; includeInIndex = 1; lastKnownFileType = text.xcconfig; name = "Pods-CalendarExample.debug.xcconfig"; path = "Target Support Files/Pods-CalendarExample/Pods-CalendarExample.debug.xcconfig"; sourceTree = "<group>"; };
		B3FC5B07EFC7D4BB30AD668E /* Pods_CalendarExample.framework */ = {isa = PBXFileReference; explicitFileType = wrapper.framework; includeInIndex = 0; path = Pods_CalendarExample.framework; sourceTree = BUILT_PRODUCTS_DIR; };
		F384E82C27F20992006D33D2 /* CalendarExample.app */ = {isa = PBXFileReference; explicitFileType = wrapper.application; includeInIndex = 0; path = CalendarExample.app; sourceTree = BUILT_PRODUCTS_DIR; };
		F384E82F27F20992006D33D2 /* AppDelegate.swift */ = {isa = PBXFileReference; lastKnownFileType = sourcecode.swift; path = AppDelegate.swift; sourceTree = "<group>"; };
		F384E83127F20992006D33D2 /* SceneDelegate.swift */ = {isa = PBXFileReference; lastKnownFileType = sourcecode.swift; path = SceneDelegate.swift; sourceTree = "<group>"; };
		F384E83327F20992006D33D2 /* ViewController.swift */ = {isa = PBXFileReference; lastKnownFileType = sourcecode.swift; path = ViewController.swift; sourceTree = "<group>"; };
		F384E83627F20992006D33D2 /* Base */ = {isa = PBXFileReference; lastKnownFileType = file.storyboard; name = Base; path = Base.lproj/Main.storyboard; sourceTree = "<group>"; };
		F384E83827F20993006D33D2 /* Assets.xcassets */ = {isa = PBXFileReference; lastKnownFileType = folder.assetcatalog; path = Assets.xcassets; sourceTree = "<group>"; };
		F384E83B27F20993006D33D2 /* Base */ = {isa = PBXFileReference; lastKnownFileType = file.storyboard; name = Base; path = Base.lproj/LaunchScreen.storyboard; sourceTree = "<group>"; };
		F384E83D27F20993006D33D2 /* Info.plist */ = {isa = PBXFileReference; lastKnownFileType = text.plist.xml; path = Info.plist; sourceTree = "<group>"; };
		F384E84327F20F2F006D33D2 /* CalendarCell.swift */ = {isa = PBXFileReference; lastKnownFileType = sourcecode.swift; path = CalendarCell.swift; sourceTree = "<group>"; };
		F384E84527F2115B006D33D2 /* DateHelper.swift */ = {isa = PBXFileReference; lastKnownFileType = sourcecode.swift; path = DateHelper.swift; sourceTree = "<group>"; };
/* End PBXFileReference section */

/* Begin PBXFrameworksBuildPhase section */
		F384E82927F20992006D33D2 /* Frameworks */ = {
			isa = PBXFrameworksBuildPhase;
			buildActionMask = 2147483647;
			files = (
				832C010B6DFA39ADC9F015EB /* Pods_CalendarExample.framework in Frameworks */,
			);
			runOnlyForDeploymentPostprocessing = 0;
		};
/* End PBXFrameworksBuildPhase section */

/* Begin PBXGroup section */
		5621FC51A763563B0191969D /* Pods */ = {
			isa = PBXGroup;
			children = (
				94856695C5B1D2B0BF517AC9 /* Pods-CalendarExample.debug.xcconfig */,
				5E3BE58D6F5AAB99D8191EEC /* Pods-CalendarExample.release.xcconfig */,
			);
			path = Pods;
			sourceTree = "<group>";
		};
		C74FA969849EB64DC8105B09 /* Frameworks */ = {
			isa = PBXGroup;
			children = (
				B3FC5B07EFC7D4BB30AD668E /* Pods_CalendarExample.framework */,
			);
			name = Frameworks;
			sourceTree = "<group>";
		};
		F384E82327F20991006D33D2 = {
			isa = PBXGroup;
			children = (
				F384E82E27F20992006D33D2 /* CalendarExample */,
				F384E82D27F20992006D33D2 /* Products */,
				5621FC51A763563B0191969D /* Pods */,
				C74FA969849EB64DC8105B09 /* Frameworks */,
			);
			sourceTree = "<group>";
		};
		F384E82D27F20992006D33D2 /* Products */ = {
			isa = PBXGroup;
			children = (
				F384E82C27F20992006D33D2 /* CalendarExample.app */,
			);
			name = Products;
			sourceTree = "<group>";
		};
		F384E82E27F20992006D33D2 /* CalendarExample */ = {
			isa = PBXGroup;
			children = (
				F384E82F27F20992006D33D2 /* AppDelegate.swift */,
				F384E83127F20992006D33D2 /* SceneDelegate.swift */,
				F384E83327F20992006D33D2 /* ViewController.swift */,
				F384E84327F20F2F006D33D2 /* CalendarCell.swift */,
				F384E84527F2115B006D33D2 /* DateHelper.swift */,
				F384E83527F20992006D33D2 /* Main.storyboard */,
				F384E83827F20993006D33D2 /* Assets.xcassets */,
				F384E83A27F20993006D33D2 /* LaunchScreen.storyboard */,
				F384E83D27F20993006D33D2 /* Info.plist */,
			);
			path = CalendarExample;
			sourceTree = "<group>";
		};
/* End PBXGroup section */

/* Begin PBXNativeTarget section */
		F384E82B27F20992006D33D2 /* CalendarExample */ = {
			isa = PBXNativeTarget;
			buildConfigurationList = F384E84027F20993006D33D2 /* Build configuration list for PBXNativeTarget "CalendarExample" */;
			buildPhases = (
				A351C927E8B6349280031FFC /* [CP] Check Pods Manifest.lock */,
				F384E82827F20992006D33D2 /* Sources */,
				F384E82927F20992006D33D2 /* Frameworks */,
				F384E82A27F20992006D33D2 /* Resources */,
				675ADBB7187DFA752800BECB /* [CP] Embed Pods Frameworks */,
			);
			buildRules = (
			);
			dependencies = (
			);
			name = CalendarExample;
			productName = CalendarExample;
			productReference = F384E82C27F20992006D33D2 /* CalendarExample.app */;
			productType = "com.apple.product-type.application";
		};
/* End PBXNativeTarget section */

/* Begin PBXProject section */
		F384E82427F20991006D33D2 /* Project object */ = {
			isa = PBXProject;
			attributes = {
				BuildIndependentTargetsInParallel = 1;
				LastSwiftUpdateCheck = 1310;
				LastUpgradeCheck = 1310;
				TargetAttributes = {
					F384E82B27F20992006D33D2 = {
						CreatedOnToolsVersion = 13.1;
					};
				};
			};
			buildConfigurationList = F384E82727F20991006D33D2 /* Build configuration list for PBXProject "CalendarExample" */;
			compatibilityVersion = "Xcode 13.0";
			developmentRegion = en;
			hasScannedForEncodings = 0;
			knownRegions = (
				en,
				Base,
			);
			mainGroup = F384E82327F20991006D33D2;
			productRefGroup = F384E82D27F20992006D33D2 /* Products */;
			projectDirPath = "";
			projectRoot = "";
			targets = (
				F384E82B27F20992006D33D2 /* CalendarExample */,
			);
		};
/* End PBXProject section */

/* Begin PBXResourcesBuildPhase section */
		F384E82A27F20992006D33D2 /* Resources */ = {
			isa = PBXResourcesBuildPhase;
			buildActionMask = 2147483647;
			files = (
				F384E83C27F20993006D33D2 /* LaunchScreen.storyboard in Resources */,
				F384E83927F20993006D33D2 /* Assets.xcassets in Resources */,
				F384E83727F20992006D33D2 /* Main.storyboard in Resources */,
			);
			runOnlyForDeploymentPostprocessing = 0;
		};
/* End PBXResourcesBuildPhase section */

/* Begin PBXShellScriptBuildPhase section */
		675ADBB7187DFA752800BECB /* [CP] Embed Pods Frameworks */ = {
			isa = PBXShellScriptBuildPhase;
			buildActionMask = 2147483647;
			files = (
			);
			inputFileListPaths = (
				"${PODS_ROOT}/Target Support Files/Pods-CalendarExample/Pods-CalendarExample-frameworks-${CONFIGURATION}-input-files.xcfilelist",
			);
			name = "[CP] Embed Pods Frameworks";
			outputFileListPaths = (
				"${PODS_ROOT}/Target Support Files/Pods-CalendarExample/Pods-CalendarExample-frameworks-${CONFIGURATION}-output-files.xcfilelist",
			);
			runOnlyForDeploymentPostprocessing = 0;
			shellPath = /bin/sh;
			shellScript = "\"${PODS_ROOT}/Target Support Files/Pods-CalendarExample/Pods-CalendarExample-frameworks.sh\"\n";
			showEnvVarsInLog = 0;
		};
		A351C927E8B6349280031FFC /* [CP] Check Pods Manifest.lock */ = {
			isa = PBXShellScriptBuildPhase;
			buildActionMask = 2147483647;
			files = (
			);
			inputFileListPaths = (
			);
			inputPaths = (
				"${PODS_PODFILE_DIR_PATH}/Podfile.lock",
				"${PODS_ROOT}/Manifest.lock",
			);
			name = "[CP] Check Pods Manifest.lock";
			outputFileListPaths = (
			);
			outputPaths = (
				"$(DERIVED_FILE_DIR)/Pods-CalendarExample-checkManifestLockResult.txt",
			);
			runOnlyForDeploymentPostprocessing = 0;
			shellPath = /bin/sh;
			shellScript = "diff \"${PODS_PODFILE_DIR_PATH}/Podfile.lock\" \"${PODS_ROOT}/Manifest.lock\" > /dev/null\nif [ $? != 0 ] ; then\n    # print error to STDERR\n    echo \"error: The sandbox is not in sync with the Podfile.lock. Run 'pod install' or update your CocoaPods installation.\" >&2\n    exit 1\nfi\n# This output is used by Xcode 'outputs' to avoid re-running this script phase.\necho \"SUCCESS\" > \"${SCRIPT_OUTPUT_FILE_0}\"\n";
			showEnvVarsInLog = 0;
		};
/* End PBXShellScriptBuildPhase section */

/* Begin PBXSourcesBuildPhase section */
		F384E82827F20992006D33D2 /* Sources */ = {
			isa = PBXSourcesBuildPhase;
			buildActionMask = 2147483647;
			files = (
				F384E84627F2115B006D33D2 /* DateHelper.swift in Sources */,
				F384E84427F20F2F006D33D2 /* CalendarCell.swift in Sources */,
				F384E83427F20992006D33D2 /* ViewController.swift in Sources */,
				F384E83027F20992006D33D2 /* AppDelegate.swift in Sources */,
				F384E83227F20992006D33D2 /* SceneDelegate.swift in Sources */,
			);
			runOnlyForDeploymentPostprocessing = 0;
		};
/* End PBXSourcesBuildPhase section */

/* Begin PBXVariantGroup section */
		F384E83527F20992006D33D2 /* Main.storyboard */ = {
			isa = PBXVariantGroup;
			children = (
				F384E83627F20992006D33D2 /* Base */,
			);
			name = Main.storyboard;
			sourceTree = "<group>";
		};
		F384E83A27F20993006D33D2 /* LaunchScreen.storyboard */ = {
			isa = PBXVariantGroup;
			children = (
				F384E83B27F20993006D33D2 /* Base */,
			);
			name = LaunchScreen.storyboard;
			sourceTree = "<group>";
		};
/* End PBXVariantGroup section */

/* Begin XCBuildConfiguration section */
		F384E83E27F20993006D33D2 /* Debug */ = {
			isa = XCBuildConfiguration;
			buildSettings = {
				ALWAYS_SEARCH_USER_PATHS = NO;
				CLANG_ANALYZER_NONNULL = YES;
				CLANG_ANALYZER_NUMBER_OBJECT_CONVERSION = YES_AGGRESSIVE;
				CLANG_CXX_LANGUAGE_STANDARD = "gnu++17";
				CLANG_CXX_LIBRARY = "libc++";
				CLANG_ENABLE_MODULES = YES;
				CLANG_ENABLE_OBJC_ARC = YES;
				CLANG_ENABLE_OBJC_WEAK = YES;
				CLANG_WARN_BLOCK_CAPTURE_AUTORELEASING = YES;
				CLANG_WARN_BOOL_CONVERSION = YES;
				CLANG_WARN_COMMA = YES;
				CLANG_WARN_CONSTANT_CONVERSION = YES;
				CLANG_WARN_DEPRECATED_OBJC_IMPLEMENTATIONS = YES;
				CLANG_WARN_DIRECT_OBJC_ISA_USAGE = YES_ERROR;
				CLANG_WARN_DOCUMENTATION_COMMENTS = YES;
				CLANG_WARN_EMPTY_BODY = YES;
				CLANG_WARN_ENUM_CONVERSION = YES;
				CLANG_WARN_INFINITE_RECURSION = YES;
				CLANG_WARN_INT_CONVERSION = YES;
				CLANG_WARN_NON_LITERAL_NULL_CONVERSION = YES;
				CLANG_WARN_OBJC_IMPLICIT_RETAIN_SELF = YES;
				CLANG_WARN_OBJC_LITERAL_CONVERSION = YES;
				CLANG_WARN_OBJC_ROOT_CLASS = YES_ERROR;
				CLANG_WARN_QUOTED_INCLUDE_IN_FRAMEWORK_HEADER = YES;
				CLANG_WARN_RANGE_LOOP_ANALYSIS = YES;
				CLANG_WARN_STRICT_PROTOTYPES = YES;
				CLANG_WARN_SUSPICIOUS_MOVE = YES;
				CLANG_WARN_UNGUARDED_AVAILABILITY = YES_AGGRESSIVE;
				CLANG_WARN_UNREACHABLE_CODE = YES;
				CLANG_WARN__DUPLICATE_METHOD_MATCH = YES;
				COPY_PHASE_STRIP = NO;
				DEBUG_INFORMATION_FORMAT = dwarf;
				ENABLE_STRICT_OBJC_MSGSEND = YES;
				ENABLE_TESTABILITY = YES;
				GCC_C_LANGUAGE_STANDARD = gnu11;
				GCC_DYNAMIC_NO_PIC = NO;
				GCC_NO_COMMON_BLOCKS = YES;
				GCC_OPTIMIZATION_LEVEL = 0;
				GCC_PREPROCESSOR_DEFINITIONS = (
					"DEBUG=1",
					"$(inherited)",
				);
				GCC_WARN_64_TO_32_BIT_CONVERSION = YES;
				GCC_WARN_ABOUT_RETURN_TYPE = YES_ERROR;
				GCC_WARN_UNDECLARED_SELECTOR = YES;
				GCC_WARN_UNINITIALIZED_AUTOS = YES_AGGRESSIVE;
				GCC_WARN_UNUSED_FUNCTION = YES;
				GCC_WARN_UNUSED_VARIABLE = YES;
				IPHONEOS_DEPLOYMENT_TARGET = 15.0;
				MTL_ENABLE_DEBUG_INFO = INCLUDE_SOURCE;
				MTL_FAST_MATH = YES;
				ONLY_ACTIVE_ARCH = YES;
				SDKROOT = iphoneos;
				SWIFT_ACTIVE_COMPILATION_CONDITIONS = DEBUG;
				SWIFT_OPTIMIZATION_LEVEL = "-Onone";
			};
			name = Debug;
		};
		F384E83F27F20993006D33D2 /* Release */ = {
			isa = XCBuildConfiguration;
			buildSettings = {
				ALWAYS_SEARCH_USER_PATHS = NO;
				CLANG_ANALYZER_NONNULL = YES;
				CLANG_ANALYZER_NUMBER_OBJECT_CONVERSION = YES_AGGRESSIVE;
				CLANG_CXX_LANGUAGE_STANDARD = "gnu++17";
				CLANG_CXX_LIBRARY = "libc++";
				CLANG_ENABLE_MODULES = YES;
				CLANG_ENABLE_OBJC_ARC = YES;
				CLANG_ENABLE_OBJC_WEAK = YES;
				CLANG_WARN_BLOCK_CAPTURE_AUTORELEASING = YES;
				CLANG_WARN_BOOL_CONVERSION = YES;
				CLANG_WARN_COMMA = YES;
				CLANG_WARN_CONSTANT_CONVERSION = YES;
				CLANG_WARN_DEPRECATED_OBJC_IMPLEMENTATIONS = YES;
				CLANG_WARN_DIRECT_OBJC_ISA_USAGE = YES_ERROR;
				CLANG_WARN_DOCUMENTATION_COMMENTS = YES;
				CLANG_WARN_EMPTY_BODY = YES;
				CLANG_WARN_ENUM_CONVERSION = YES;
				CLANG_WARN_INFINITE_RECURSION = YES;
				CLANG_WARN_INT_CONVERSION = YES;
				CLANG_WARN_NON_LITERAL_NULL_CONVERSION = YES;
				CLANG_WARN_OBJC_IMPLICIT_RETAIN_SELF = YES;
				CLANG_WARN_OBJC_LITERAL_CONVERSION = YES;
				CLANG_WARN_OBJC_ROOT_CLASS = YES_ERROR;
				CLANG_WARN_QUOTED_INCLUDE_IN_FRAMEWORK_HEADER = YES;
				CLANG_WARN_RANGE_LOOP_ANALYSIS = YES;
				CLANG_WARN_STRICT_PROTOTYPES = YES;
				CLANG_WARN_SUSPICIOUS_MOVE = YES;
				CLANG_WARN_UNGUARDED_AVAILABILITY = YES_AGGRESSIVE;
				CLANG_WARN_UNREACHABLE_CODE = YES;
				CLANG_WARN__DUPLICATE_METHOD_MATCH = YES;
				COPY_PHASE_STRIP = NO;
				DEBUG_INFORMATION_FORMAT = "dwarf-with-dsym";
				ENABLE_NS_ASSERTIONS = NO;
				ENABLE_STRICT_OBJC_MSGSEND = YES;
				GCC_C_LANGUAGE_STANDARD = gnu11;
				GCC_NO_COMMON_BLOCKS = YES;
				GCC_WARN_64_TO_32_BIT_CONVERSION = YES;
				GCC_WARN_ABOUT_RETURN_TYPE = YES_ERROR;
				GCC_WARN_UNDECLARED_SELECTOR = YES;
				GCC_WARN_UNINITIALIZED_AUTOS = YES_AGGRESSIVE;
				GCC_WARN_UNUSED_FUNCTION = YES;
				GCC_WARN_UNUSED_VARIABLE = YES;
				IPHONEOS_DEPLOYMENT_TARGET = 15.0;
				MTL_ENABLE_DEBUG_INFO = NO;
				MTL_FAST_MATH = YES;
				SDKROOT = iphoneos;
				SWIFT_COMPILATION_MODE = wholemodule;
				SWIFT_OPTIMIZATION_LEVEL = "-O";
				VALIDATE_PRODUCT = YES;
			};
			name = Release;
		};
		F384E84127F20993006D33D2 /* Debug */ = {
			isa = XCBuildConfiguration;
			baseConfigurationReference = 94856695C5B1D2B0BF517AC9 /* Pods-CalendarExample.debug.xcconfig */;
			buildSettings = {
				ASSETCATALOG_COMPILER_APPICON_NAME = AppIcon;
				ASSETCATALOG_COMPILER_GLOBAL_ACCENT_COLOR_NAME = AccentColor;
				CODE_SIGN_STYLE = Manual;
				CURRENT_PROJECT_VERSION = 1;
				DEVELOPMENT_TEAM = "";
				GENERATE_INFOPLIST_FILE = YES;
				INFOPLIST_FILE = CalendarExample/Info.plist;
				INFOPLIST_KEY_UIApplicationSupportsIndirectInputEvents = YES;
				INFOPLIST_KEY_UILaunchStoryboardName = LaunchScreen;
				INFOPLIST_KEY_UIMainStoryboardFile = Main;
				INFOPLIST_KEY_UISupportedInterfaceOrientations_iPad = "UIInterfaceOrientationPortrait UIInterfaceOrientationPortraitUpsideDown UIInterfaceOrientationLandscapeLeft UIInterfaceOrientationLandscapeRight";
				INFOPLIST_KEY_UISupportedInterfaceOrientations_iPhone = "UIInterfaceOrientationPortrait UIInterfaceOrientationLandscapeLeft UIInterfaceOrientationLandscapeRight";
				LD_RUNPATH_SEARCH_PATHS = (
					"$(inherited)",
					"@executable_path/Frameworks",
				);
				MARKETING_VERSION = 1.0;
				PRODUCT_BUNDLE_IDENTIFIER = com.choynowski.CalendarExample;
				PRODUCT_NAME = "$(TARGET_NAME)";
				PROVISIONING_PROFILE_SPECIFIER = "";
				SWIFT_EMIT_LOC_STRINGS = YES;
				SWIFT_VERSION = 5.0;
				TARGETED_DEVICE_FAMILY = "1,2";
			};
			name = Debug;
		};
		F384E84227F20993006D33D2 /* Release */ = {
			isa = XCBuildConfiguration;
			baseConfigurationReference = 5E3BE58D6F5AAB99D8191EEC /* Pods-CalendarExample.release.xcconfig */;
			buildSettings = {
				ASSETCATALOG_COMPILER_APPICON_NAME = AppIcon;
				ASSETCATALOG_COMPILER_GLOBAL_ACCENT_COLOR_NAME = AccentColor;
				CODE_SIGN_STYLE = Manual;
				CURRENT_PROJECT_VERSION = 1;
				DEVELOPMENT_TEAM = "";
				GENERATE_INFOPLIST_FILE = YES;
				INFOPLIST_FILE = CalendarExample/Info.plist;
				INFOPLIST_KEY_UIApplicationSupportsIndirectInputEvents = YES;
				INFOPLIST_KEY_UILaunchStoryboardName = LaunchScreen;
				INFOPLIST_KEY_UIMainStoryboardFile = Main;
				INFOPLIST_KEY_UISupportedInterfaceOrientations_iPad = "UIInterfaceOrientationPortrait UIInterfaceOrientationPortraitUpsideDown UIInterfaceOrientationLandscapeLeft UIInterfaceOrientationLandscapeRight";
				INFOPLIST_KEY_UISupportedInterfaceOrientations_iPhone = "UIInterfaceOrientationPortrait UIInterfaceOrientationLandscapeLeft UIInterfaceOrientationLandscapeRight";
				LD_RUNPATH_SEARCH_PATHS = (
					"$(inherited)",
					"@executable_path/Frameworks",
				);
				MARKETING_VERSION = 1.0;
				PRODUCT_BUNDLE_IDENTIFIER = com.choynowski.CalendarExample;
				PRODUCT_NAME = "$(TARGET_NAME)";
				PROVISIONING_PROFILE_SPECIFIER = "";
				SWIFT_EMIT_LOC_STRINGS = YES;
				SWIFT_VERSION = 5.0;
				TARGETED_DEVICE_FAMILY = "1,2";
			};
			name = Release;
		};
/* End XCBuildConfiguration section */

/* Begin XCConfigurationList section */
		F384E82727F20991006D33D2 /* Build configuration list for PBXProject "CalendarExample" */ = {
			isa = XCConfigurationList;
			buildConfigurations = (
				F384E83E27F20993006D33D2 /* Debug */,
				F384E83F27F20993006D33D2 /* Release */,
			);
			defaultConfigurationIsVisible = 0;
			defaultConfigurationName = Release;
		};
		F384E84027F20993006D33D2 /* Build configuration list for PBXNativeTarget "CalendarExample" */ = {
			isa = XCConfigurationList;
			buildConfigurations = (
				F384E84127F20993006D33D2 /* Debug */,
				F384E84227F20993006D33D2 /* Release */,
			);
			defaultConfigurationIsVisible = 0;
			defaultConfigurationName = Release;
		};
/* End XCConfigurationList section */
	};
	rootObject = F384E82427F20991006D33D2 /* Project object */;
}
